
Microsoft Visual Studio Solution File, Format Version 12.00
# Visual Studio Version 17
VisualStudioVersion = 17.14.36915.13
MinimumVisualStudioVersion = 10.0.40219.1
Project("{2150E333-8FDC-42A3-9474-1A3956D46DE8}") = "Services", "Services", "{02EA681E-C7D8-13C7-8484-4AC65E1B71E8}"
EndProject
Project("{2150E333-8FDC-42A3-9474-1A3956D46DE8}") = "Catalog", "Catalog", "{43740FEB-CFBF-439D-9CAE-5DCFBE12519A}"
EndProject
Project("{FAE04EC0-301F-11D3-BF4B-00C04F79EFBC}") = "Catalog.API", "Services\Catalog\Catalog.API\Catalog.API.csproj", "{A0BB1158-4BD4-4171-9C5A-C9F45480F823}"
EndProject
Project("{2150E333-8FDC-42A3-9474-1A3956D46DE8}") = "BuildingBlocks", "BuildingBlocks", "{1836087F-2528-45B9-B3EE-0BB6CDCC29D2}"
EndProject
Project("{FAE04EC0-301F-11D3-BF4B-00C04F79EFBC}") = "BuildingBlocks", "BuildingBlocks\BuildingBlocks\BuildingBlocks.csproj", "{7EB7B7E2-949E-483F-BFB5-51BD5A002C8F}"
EndProject
Project("{E53339B2-1760-4266-BCC7-CA923CBCF16C}") = "docker-compose", "docker-compose.dcproj", "{81DDED9D-158B-E303-5F62-77A2896D2A5A}"
EndProject
Global
	GlobalSection(SolutionConfigurationPlatforms) = preSolution
		Debug|Any CPU = Debug|Any CPU
		Release|Any CPU = Release|Any CPU
	EndGlobalSection
	GlobalSection(ProjectConfigurationPlatforms) = postSolution
		{A0BB1158-4BD4-4171-9C5A-C9F45480F823}.Debug|Any CPU.ActiveCfg = Debug|Any CPU
		{A0BB1158-4BD4-4171-9C5A-C9F45480F823}.Debug|Any CPU.Build.0 = Debug|Any CPU
		{A0BB1158-4BD4-4171-9C5A-C9F45480F823}.Release|Any CPU.ActiveCfg = Release|Any CPU
		{A0BB1158-4BD4-4171-9C5A-C9F45480F823}.Release|Any CPU.Build.0 = Release|Any CPU
		{7EB7B7E2-949E-483F-BFB5-51BD5A002C8F}.Debug|Any CPU.ActiveCfg = Debug|Any CPU
		{7EB7B7E2-949E-483F-BFB5-51BD5A002C8F}.Debug|Any CPU.Build.0 = Debug|Any CPU
		{7EB7B7E2-949E-483F-BFB5-51BD5A002C8F}.Release|Any CPU.ActiveCfg = Release|Any CPU
		{7EB7B7E2-949E-483F-BFB5-51BD5A002C8F}.Release|Any CPU.Build.0 = Release|Any CPU
		{81DDED9D-158B-E303-5F62-77A2896D2A5A}.Debug|Any CPU.ActiveCfg = Debug|Any CPU
		{81DDED9D-158B-E303-5F62-77A2896D2A5A}.Debug|Any CPU.Build.0 = Debug|Any CPU
		{81DDED9D-158B-E303-5F62-77A2896D2A5A}.Release|Any CPU.ActiveCfg = Release|Any CPU
		{81DDED9D-158B-E303-5F62-77A2896D2A5A}.Release|Any CPU.Build.0 = Release|Any CPU
	EndGlobalSection
	GlobalSection(SolutionProperties) = preSolution
		HideSolutionNode = FALSE
	EndGlobalSection
	GlobalSection(NestedProjects) = preSolution
		{43740FEB-CFBF-439D-9CAE-5DCFBE12519A} = {02EA681E-C7D8-13C7-8484-4AC65E1B71E8}
		{A0BB1158-4BD4-4171-9C5A-C9F45480F823} = {43740FEB-CFBF-439D-9CAE-5DCFBE12519A}
		{7EB7B7E2-949E-483F-BFB5-51BD5A002C8F} = {1836087F-2528-45B9-B3EE-0BB6CDCC29D2}
	EndGlobalSection
	GlobalSection(ExtensibilityGlobals) = postSolution
		SolutionGuid = {B00B5C4A-4EA7-4EE5-A360-9BA7C0F90EA7}
	EndGlobalSection
EndGlobal
